# This file was autogenerated by uv via the following command:
#    uv export --frozen --no-dev --no-emit-project --extra deployment --format requirements-txt --output-file requirements/deployment.lock --cache-dir .nagi-build/uv-cache
frida==17.17.0 ; sys_platform == 'win32' \
    --hash=sha256:3196c4bcba785f810cf2aa31fc2f59d51d13b1747942bac3ff049a7909f6fd47 \
    --hash=sha256:45994cf1273c410c39ee3aea154a2edc2f34fc23779b1ecd579b87f70e8167ed \
    --hash=sha256:a1f3fdb907ee6073745d1c15258da537e054e1e0280818118a42a7a127a1f28d \
    --hash=sha256:f9c3d431144d143d5eaf6830f0b85042c34517f63b2cf0e83aaa5e2ba4b636dd
    # via nagi
